
Microsoft Visual Studio Solution File, Format Version 12.00
# Visual Studio Version 16
VisualStudioVersion = 16.0.30804.86
MinimumVisualStudioVersion = 10.0.40219.1
Project("{FAE04EC0-301F-11D3-BF4B-00C04F79EFBC}") = "TR5_상속(Inheritance)", "TR5_상속(Inheritance)\TR5_상속(Inheritance).csproj", "{B16B969A-5EAD-47A4-BBC3-BCB8A83D1876}"
EndProject
Global
	GlobalSection(SolutionConfigurationPlatforms) = preSolution
		Debug|Any CPU = Debug|Any CPU
		Release|Any CPU = Release|Any CPU
	EndGlobalSection
	GlobalSection(ProjectConfigurationPlatforms) = postSolution
		{B16B969A-5EAD-47A4-BBC3-BCB8A83D1876}.Debug|Any CPU.ActiveCfg = Debug|Any CPU
		{B16B969A-5EAD-47A4-BBC3-BCB8A83D1876}.Debug|Any CPU.Build.0 = Debug|Any CPU
		{B16B969A-5EAD-47A4-BBC3-BCB8A83D1876}.Release|Any CPU.ActiveCfg = Release|Any CPU
		{B16B969A-5EAD-47A4-BBC3-BCB8A83D1876}.Release|Any CPU.Build.0 = Release|Any CPU
	EndGlobalSection
	GlobalSection(SolutionProperties) = preSolution
		HideSolutionNode = FALSE
	EndGlobalSection
	GlobalSection(ExtensibilityGlobals) = postSolution
		SolutionGuid = {244E4228-3C73-4D75-B221-746B94C8771F}
	EndGlobalSection
EndGlobal
